
Microsoft Visual Studio Solution File, Format Version 12.00
# Visual Studio Version 16
VisualStudioVersion = 16.0.29006.145
MinimumVisualStudioVersion = 10.0.40219.1
Project("{FAE04EC0-301F-11D3-BF4B-00C04F79EFBC}") = "RpcService.Server", "RpcService.Server\RpcService.Server.csproj", "{EAC79664-0624-417E-A776-E53D8D32ED24}"
EndProject
Project("{FAE04EC0-301F-11D3-BF4B-00C04F79EFBC}") = "RpcService.Client", "RpcService.Client\RpcService.Client.csproj", "{AFC89F73-D296-459D-BE9E-9A7752F74C8F}"
EndProject
Global
	GlobalSection(SolutionConfigurationPlatforms) = preSolution
		Debug|Any CPU = Debug|Any CPU
		Release|Any CPU = Release|Any CPU
	EndGlobalSection
	GlobalSection(ProjectConfigurationPlatforms) = postSolution
		{EAC79664-0624-417E-A776-E53D8D32ED24}.Debug|Any CPU.ActiveCfg = Debug|Any CPU
		{EAC79664-0624-417E-A776-E53D8D32ED24}.Debug|Any CPU.Build.0 = Debug|Any CPU
		{EAC79664-0624-417E-A776-E53D8D32ED24}.Release|Any CPU.ActiveCfg = Release|Any CPU
		{EAC79664-0624-417E-A776-E53D8D32ED24}.Release|Any CPU.Build.0 = Release|Any CPU
		{AFC89F73-D296-459D-BE9E-9A7752F74C8F}.Debug|Any CPU.ActiveCfg = Debug|Any CPU
		{AFC89F73-D296-459D-BE9E-9A7752F74C8F}.Debug|Any CPU.Build.0 = Debug|Any CPU
		{AFC89F73-D296-459D-BE9E-9A7752F74C8F}.Release|Any CPU.ActiveCfg = Release|Any CPU
		{AFC89F73-D296-459D-BE9E-9A7752F74C8F}.Release|Any CPU.Build.0 = Release|Any CPU
	EndGlobalSection
	GlobalSection(SolutionProperties) = preSolution
		HideSolutionNode = FALSE
	EndGlobalSection
	GlobalSection(ExtensibilityGlobals) = postSolution
		SolutionGuid = {A270B5F4-5A07-4D8B-B695-3F00008AE561}
	EndGlobalSection
EndGlobal
